// !$*UTF8*$!
{
	archiveVersion = 1;
	classes = {
	};
	objectVersion = 55;
	objects = {

/* Begin PBXBuildFile section */
		2212A21326C1218300A525E5 /* MyButton.m in Sources */ = {isa = PBXBuildFile; fileRef = 2212A21226C1218300A525E5 /* MyButton.m */; };
		228B7B1E26BE5D8700D44058 /* AppDelegate.m in Sources */ = {isa = PBXBuildFile; fileRef = 228B7B1D26BE5D8700D44058 /* AppDelegate.m */; };
		228B7B2126BE5D8700D44058 /* SceneDelegate.m in Sources */ = {isa = PBXBuildFile; fileRef = 228B7B2026BE5D8700D44058 /* SceneDelegate.m */; };
		228B7B2426BE5D8700D44058 /* ViewController.m in Sources */ = {isa = PBXBuildFile; fileRef = 228B7B2326BE5D8700D44058 /* ViewController.m */; };
		228B7B2726BE5D8700D44058 /* Main.storyboard in Resources */ = {isa = PBXBuildFile; fileRef = 228B7B2526BE5D8700D44058 /* Main.storyboard */; };
		228B7B2926BE5D8800D44058 /* Assets.xcassets in Resources */ = {isa = PBXBuildFile; fileRef = 228B7B2826BE5D8800D44058 /* Assets.xcassets */; };
		228B7B2C26BE5D8800D44058 /* LaunchScreen.storyboard in Resources */ = {isa = PBXBuildFile; fileRef = 228B7B2A26BE5D8800D44058 /* LaunchScreen.storyboard */; };
		228B7B2F26BE5D8800D44058 /* main.m in Sources */ = {isa = PBXBuildFile; fileRef = 228B7B2E26BE5D8800D44058 /* main.m */; };
		228B7B3926BE5D8800D44058 /* TestDemoTests.m in Sources */ = {isa = PBXBuildFile; fileRef = 228B7B3826BE5D8800D44058 /* TestDemoTests.m */; };
		228B7B4326BE5D8800D44058 /* TestDemoUITests.m in Sources */ = {isa = PBXBuildFile; fileRef = 228B7B4226BE5D8800D44058 /* TestDemoUITests.m */; };
		8DE5EA4256579089F22DF685 /* Pods_TestDemo_TestDemoUITests.framework in Frameworks */ = {isa = PBXBuildFile; fileRef = E372C43C13373423CD0A2FE9 /* Pods_TestDemo_TestDemoUITests.framework */; };
		AD4C54E80AD3A6CF42005E8E /* Pods_TestDemo.framework in Frameworks */ = {isa = PBXBuildFile; fileRef = AC5555685E03A91A07244F08 /* Pods_TestDemo.framework */; };
		AFF8524ADCEE92B27B3021BE /* Pods_TestDemoTests.framework in Frameworks */ = {isa = PBXBuildFile; fileRef = FD2BAE1BC2F445AC6D65119A /* Pods_TestDemoTests.framework */; };
/* End PBXBuildFile section */

/* Begin PBXContainerItemProxy section */
		228B7B3526BE5D8800D44058 /* PBXContainerItemProxy */ = {
			isa = PBXContainerItemProxy;
			containerPortal = 228B7B1126BE5D8700D44058 /* Project object */;
			proxyType = 1;
			remoteGlobalIDString = 228B7B1826BE5D8700D44058;
			remoteInfo = TestDemo;
		};
		228B7B3F26BE5D8800D44058 /* PBXContainerItemProxy */ = {
			isa = PBXContainerItemProxy;
			containerPortal = 228B7B1126BE5D8700D44058 /* Project object */;
			proxyType = 1;
			remoteGlobalIDString = 228B7B1826BE5D8700D44058;
			remoteInfo = TestDemo;
		};
/* End PBXContainerItemProxy section */

/* Begin PBXFileReference section */
		2212A21126C1218300A525E5 /* MyButton.h */ = {isa = PBXFileReference; lastKnownFileType = sourcecode.c.h; path = MyButton.h; sourceTree = "<group>"; };
		2212A21226C1218300A525E5 /* MyButton.m */ = {isa = PBXFileReference; lastKnownFileType = sourcecode.c.objc; path = MyButton.m; sourceTree = "<group>"; };
		228B7B1926BE5D8700D44058 /* TestDemo.app */ = {isa = PBXFileReference; explicitFileType = wrapper.application; includeInIndex = 0; path = TestDemo.app; sourceTree = BUILT_PRODUCTS_DIR; };
		228B7B1C26BE5D8700D44058 /* AppDelegate.h */ = {isa = PBXFileReference; lastKnownFileType = sourcecode.c.h; path = AppDelegate.h; sourceTree = "<group>"; };
		228B7B1D26BE5D8700D44058 /* AppDelegate.m */ = {isa = PBXFileReference; lastKnownFileType = sourcecode.c.objc; path = AppDelegate.m; sourceTree = "<group>"; };
		228B7B1F26BE5D8700D44058 /* SceneDelegate.h */ = {isa = PBXFileReference; lastKnownFileType = sourcecode.c.h; path = SceneDelegate.h; sourceTree = "<group>"; };
		228B7B2026BE5D8700D44058 /* SceneDelegate.m */ = {isa = PBXFileReference; lastKnownFileType = sourcecode.c.objc; path = SceneDelegate.m; sourceTree = "<group>"; };
		228B7B2226BE5D8700D44058 /* ViewController.h */ = {isa = PBXFileReference; lastKnownFileType = sourcecode.c.h; path = ViewController.h; sourceTree = "<group>"; };
		228B7B2326BE5D8700D44058 /* ViewController.m */ = {isa = PBXFileReference; lastKnownFileType = sourcecode.c.objc; path = ViewController.m; sourceTree = "<group>"; };
		228B7B2626BE5D8700D44058 /* Base */ = {isa = PBXFileReference; lastKnownFileType = file.storyboard; name = Base; path = Base.lproj/Main.storyboard; sourceTree = "<group>"; };
		228B7B2826BE5D8800D44058 /* Assets.xcassets */ = {isa = PBXFileReference; lastKnownFileType = folder.assetcatalog; path = Assets.xcassets; sourceTree = "<group>"; };
		228B7B2B26BE5D8800D44058 /* Base */ = {isa = PBXFileReference; lastKnownFileType = file.storyboard; name = Base; path = Base.lproj/LaunchScreen.storyboard; sourceTree = "<group>"; };
		228B7B2D26BE5D8800D44058 /* Info.plist */ = {isa = PBXFileReference; lastKnownFileType = text.plist.xml; path = Info.plist; sourceTree = "<group>"; };
		228B7B2E26BE5D8800D44058 /* main.m */ = {isa = PBXFileReference; lastKnownFileType = sourcecode.c.objc; path = main.m; sourceTree = "<group>"; };
		228B7B3426BE5D8800D44058 /* TestDemoTests.xctest */ = {isa = PBXFileReference; explicitFileType = wrapper.cfbundle; includeInIndex = 0; path = TestDemoTests.xctest; sourceTree = BUILT_PRODUCTS_DIR; };
		228B7B3826BE5D8800D44058 /* TestDemoTests.m */ = {isa = PBXFileReference; lastKnownFileType = sourcecode.c.objc; path = TestDemoTests.m; sourceTree = "<group>"; };
		228B7B3E26BE5D8800D44058 /* TestDemoUITests.xctest */ = {isa = PBXFileReference; explicitFileType = wrapper.cfbundle; includeInIndex = 0; path = TestDemoUITests.xctest; sourceTree = BUILT_PRODUCTS_DIR; };
		228B7B4226BE5D8800D44058 /* TestDemoUITests.m */ = {isa = PBXFileReference; lastKnownFileType = sourcecode.c.objc; path = TestDemoUITests.m; sourceTree = "<group>"; };
		749658083CE2CA5267463270 /* Pods-TestDemo.debug.xcconfig */ = {isa = PBXFileReference; includeInIndex = 1; lastKnownFileType = text.xcconfig; name = "Pods-TestDemo.debug.xcconfig"; path = "Target Support Files/Pods-TestDemo/Pods-TestDemo.debug.xcconfig"; sourceTree = "<group>"; };
		AC5555685E03A91A07244F08 /* Pods_TestDemo.framework */ = {isa = PBXFileReference; explicitFileType = wrapper.framework; includeInIndex = 0; path = Pods_TestDemo.framework; sourceTree = BUILT_PRODUCTS_DIR; };
		BBFEF6CC5C70806BD50FBEC6 /* Pods-TestDemo-TestDemoUITests.release.xcconfig */ = {isa = PBXFileReference; includeInIndex = 1; lastKnownFileType = text.xcconfig; name = "Pods-TestDemo-TestDemoUITests.release.xcconfig"; path = "Target Support Files/Pods-TestDemo-TestDemoUITests/Pods-TestDemo-TestDemoUITests.release.xcconfig"; sourceTree = "<group>"; };
		BEBF9FBDE42C5490A32AF2AB /* Pods-TestDemoTests.release.xcconfig */ = {isa = PBXFileReference; includeInIndex = 1; lastKnownFileType = text.xcconfig; name = "Pods-TestDemoTests.release.xcconfig"; path = "Target Support Files/Pods-TestDemoTests/Pods-TestDemoTests.release.xcconfig"; sourceTree = "<group>"; };
		D73A8856E014FAB885973DAE /* Pods-TestDemo.release.xcconfig */ = {isa = PBXFileReference; includeInIndex = 1; lastKnownFileType = text.xcconfig; name = "Pods-TestDemo.release.xcconfig"; path = "Target Support Files/Pods-TestDemo/Pods-TestDemo.release.xcconfig"; sourceTree = "<group>"; };
		E058493B31EDBDC7879B5D99 /* Pods-TestDemo-TestDemoUITests.debug.xcconfig */ = {isa = PBXFileReference; includeInIndex = 1; lastKnownFileType = text.xcconfig; name = "Pods-TestDemo-TestDemoUITests.debug.xcconfig"; path = "Target Support Files/Pods-TestDemo-TestDemoUITests/Pods-TestDemo-TestDemoUITests.debug.xcconfig"; sourceTree = "<group>"; };
		E372C43C13373423CD0A2FE9 /* Pods_TestDemo_TestDemoUITests.framework */ = {isa = PBXFileReference; explicitFileType = wrapper.framework; includeInIndex = 0; path = Pods_TestDemo_TestDemoUITests.framework; sourceTree = BUILT_PRODUCTS_DIR; };
		EB31449BE320A17EB3173396 /* Pods-TestDemoTests.debug.xcconfig */ = {isa = PBXFileReference; includeInIndex = 1; lastKnownFileType = text.xcconfig; name = "Pods-TestDemoTests.debug.xcconfig"; path = "Target Support Files/Pods-TestDemoTests/Pods-TestDemoTests.debug.xcconfig"; sourceTree = "<group>"; };
		FD2BAE1BC2F445AC6D65119A /* Pods_TestDemoTests.framework */ = {isa = PBXFileReference; explicitFileType = wrapper.framework; includeInIndex = 0; path = Pods_TestDemoTests.framework; sourceTree = BUILT_PRODUCTS_DIR; };
/* End PBXFileReference section */

/* Begin PBXFrameworksBuildPhase section */
		228B7B1626BE5D8700D44058 /* Frameworks */ = {
			isa = PBXFrameworksBuildPhase;
			buildActionMask = 2147483647;
			files = (
				AD4C54E80AD3A6CF42005E8E /* Pods_TestDemo.framework in Frameworks */,
			);
			runOnlyForDeploymentPostprocessing = 0;
		};
		228B7B3126BE5D8800D44058 /* Frameworks */ = {
			isa = PBXFrameworksBuildPhase;
			buildActionMask = 2147483647;
			files = (
				AFF8524ADCEE92B27B3021BE /* Pods_TestDemoTests.framework in Frameworks */,
			);
			runOnlyForDeploymentPostprocessing = 0;
		};
		228B7B3B26BE5D8800D44058 /* Frameworks */ = {
			isa = PBXFrameworksBuildPhase;
			buildActionMask = 2147483647;
			files = (
				8DE5EA4256579089F22DF685 /* Pods_TestDemo_TestDemoUITests.framework in Frameworks */,
			);
			runOnlyForDeploymentPostprocessing = 0;
		};
/* End PBXFrameworksBuildPhase section */

/* Begin PBXGroup section */
		228B7B1026BE5D8700D44058 = {
			isa = PBXGroup;
			children = (
				228B7B1B26BE5D8700D44058 /* TestDemo */,
				228B7B3726BE5D8800D44058 /* TestDemoTests */,
				228B7B4126BE5D8800D44058 /* TestDemoUITests */,
				228B7B1A26BE5D8700D44058 /* Products */,
				7C55CE3310CC3FA83FDCBE22 /* Pods */,
				B3C0B8E5ED2BC8D023180EA2 /* Frameworks */,
			);
			sourceTree = "<group>";
		};
		228B7B1A26BE5D8700D44058 /* Products */ = {
			isa = PBXGroup;
			children = (
				228B7B1926BE5D8700D44058 /* TestDemo.app */,
				228B7B3426BE5D8800D44058 /* TestDemoTests.xctest */,
				228B7B3E26BE5D8800D44058 /* TestDemoUITests.xctest */,
			);
			name = Products;
			sourceTree = "<group>";
		};
		228B7B1B26BE5D8700D44058 /* TestDemo */ = {
			isa = PBXGroup;
			children = (
				228B7B1C26BE5D8700D44058 /* AppDelegate.h */,
				228B7B1D26BE5D8700D44058 /* AppDelegate.m */,
				228B7B1F26BE5D8700D44058 /* SceneDelegate.h */,
				228B7B2026BE5D8700D44058 /* SceneDelegate.m */,
				228B7B2226BE5D8700D44058 /* ViewController.h */,
				228B7B2326BE5D8700D44058 /* ViewController.m */,
				228B7B2526BE5D8700D44058 /* Main.storyboard */,
				228B7B2826BE5D8800D44058 /* Assets.xcassets */,
				228B7B2A26BE5D8800D44058 /* LaunchScreen.storyboard */,
				228B7B2D26BE5D8800D44058 /* Info.plist */,
				228B7B2E26BE5D8800D44058 /* main.m */,
				2212A21126C1218300A525E5 /* MyButton.h */,
				2212A21226C1218300A525E5 /* MyButton.m */,
			);
			path = TestDemo;
			sourceTree = "<group>";
		};
		228B7B3726BE5D8800D44058 /* TestDemoTests */ = {
			isa = PBXGroup;
			children = (
				228B7B3826BE5D8800D44058 /* TestDemoTests.m */,
			);
			path = TestDemoTests;
			sourceTree = "<group>";
		};
		228B7B4126BE5D8800D44058 /* TestDemoUITests */ = {
			isa = PBXGroup;
			children = (
				228B7B4226BE5D8800D44058 /* TestDemoUITests.m */,
			);
			path = TestDemoUITests;
			sourceTree = "<group>";
		};
		7C55CE3310CC3FA83FDCBE22 /* Pods */ = {
			isa = PBXGroup;
			children = (
				749658083CE2CA5267463270 /* Pods-TestDemo.debug.xcconfig */,
				D73A8856E014FAB885973DAE /* Pods-TestDemo.release.xcconfig */,
				E058493B31EDBDC7879B5D99 /* Pods-TestDemo-TestDemoUITests.debug.xcconfig */,
				BBFEF6CC5C70806BD50FBEC6 /* Pods-TestDemo-TestDemoUITests.release.xcconfig */,
				EB31449BE320A17EB3173396 /* Pods-TestDemoTests.debug.xcconfig */,
				BEBF9FBDE42C5490A32AF2AB /* Pods-TestDemoTests.release.xcconfig */,
			);
			name = Pods;
			path = Pods;
			sourceTree = "<group>";
		};
		B3C0B8E5ED2BC8D023180EA2 /* Frameworks */ = {
			isa = PBXGroup;
			children = (
				AC5555685E03A91A07244F08 /* Pods_TestDemo.framework */,
				E372C43C13373423CD0A2FE9 /* Pods_TestDemo_TestDemoUITests.framework */,
				FD2BAE1BC2F445AC6D65119A /* Pods_TestDemoTests.framework */,
			);
			name = Frameworks;
			sourceTree = "<group>";
		};
/* End PBXGroup section */

/* Begin PBXNativeTarget section */
		228B7B1826BE5D8700D44058 /* TestDemo */ = {
			isa = PBXNativeTarget;
			buildConfigurationList = 228B7B4626BE5D8800D44058 /* Build configuration list for PBXNativeTarget "TestDemo" */;
			buildPhases = (
				F4AA15D7F98386D18654579D /* [CP] Check Pods Manifest.lock */,
				228B7B1526BE5D8700D44058 /* Sources */,
				228B7B1626BE5D8700D44058 /* Frameworks */,
				228B7B1726BE5D8700D44058 /* Resources */,
				E150BC32DE22C7C01ED8C9F3 /* [CP] Embed Pods Frameworks */,
			);
			buildRules = (
			);
			dependencies = (
			);
			name = TestDemo;
			productName = TestDemo;
			productReference = 228B7B1926BE5D8700D44058 /* TestDemo.app */;
			productType = "com.apple.product-type.application";
		};
		228B7B3326BE5D8800D44058 /* TestDemoTests */ = {
			isa = PBXNativeTarget;
			buildConfigurationList = 228B7B4926BE5D8800D44058 /* Build configuration list for PBXNativeTarget "TestDemoTests" */;
			buildPhases = (
				B7147BE5D75C4DD7B942B5A1 /* [CP] Check Pods Manifest.lock */,
				228B7B3026BE5D8800D44058 /* Sources */,
				228B7B3126BE5D8800D44058 /* Frameworks */,
				228B7B3226BE5D8800D44058 /* Resources */,
			);
			buildRules = (
			);
			dependencies = (
				228B7B3626BE5D8800D44058 /* PBXTargetDependency */,
			);
			name = TestDemoTests;
			productName = TestDemoTests;
			productReference = 228B7B3426BE5D8800D44058 /* TestDemoTests.xctest */;
			productType = "com.apple.product-type.bundle.unit-test";
		};
		228B7B3D26BE5D8800D44058 /* TestDemoUITests */ = {
			isa = PBXNativeTarget;
			buildConfigurationList = 228B7B4C26BE5D8800D44058 /* Build configuration list for PBXNativeTarget "TestDemoUITests" */;
			buildPhases = (
				B223592DABABA1BF50E3EC5F /* [CP] Check Pods Manifest.lock */,
				228B7B3A26BE5D8800D44058 /* Sources */,
				228B7B3B26BE5D8800D44058 /* Frameworks */,
				228B7B3C26BE5D8800D44058 /* Resources */,
				35D09A3801E5C657717642D8 /* [CP] Embed Pods Frameworks */,
			);
			buildRules = (
			);
			dependencies = (
				228B7B4026BE5D8800D44058 /* PBXTargetDependency */,
			);
			name = TestDemoUITests;
			productName = TestDemoUITests;
			productReference = 228B7B3E26BE5D8800D44058 /* TestDemoUITests.xctest */;
			productType = "com.apple.product-type.bundle.ui-testing";
		};
/* End PBXNativeTarget section */

/* Begin PBXProject section */
		228B7B1126BE5D8700D44058 /* Project object */ = {
			isa = PBXProject;
			attributes = {
				BuildIndependentTargetsInParallel = 1;
				LastUpgradeCheck = 1300;
				TargetAttributes = {
					228B7B1826BE5D8700D44058 = {
						CreatedOnToolsVersion = 13.0;
					};
					228B7B3326BE5D8800D44058 = {
						CreatedOnToolsVersion = 13.0;
						TestTargetID = 228B7B1826BE5D8700D44058;
					};
					228B7B3D26BE5D8800D44058 = {
						CreatedOnToolsVersion = 13.0;
						TestTargetID = 228B7B1826BE5D8700D44058;
					};
				};
			};
			buildConfigurationList = 228B7B1426BE5D8700D44058 /* Build configuration list for PBXProject "TestDemo" */;
			compatibilityVersion = "Xcode 13.0";
			developmentRegion = en;
			hasScannedForEncodings = 0;
			knownRegions = (
				en,
				Base,
			);
			mainGroup = 228B7B1026BE5D8700D44058;
			productRefGroup = 228B7B1A26BE5D8700D44058 /* Products */;
			projectDirPath = "";
			projectRoot = "";
			targets = (
				228B7B1826BE5D8700D44058 /* TestDemo */,
				228B7B3326BE5D8800D44058 /* TestDemoTests */,
				228B7B3D26BE5D8800D44058 /* TestDemoUITests */,
			);
		};
/* End PBXProject section */

/* Begin PBXResourcesBuildPhase section */
		228B7B1726BE5D8700D44058 /* Resources */ = {
			isa = PBXResourcesBuildPhase;
			buildActionMask = 2147483647;
			files = (
				228B7B2C26BE5D8800D44058 /* LaunchScreen.storyboard in Resources */,
				228B7B2926BE5D8800D44058 /* Assets.xcassets in Resources */,
				228B7B2726BE5D8700D44058 /* Main.storyboard in Resources */,
			);
			runOnlyForDeploymentPostprocessing = 0;
		};
		228B7B3226BE5D8800D44058 /* Resources */ = {
			isa = PBXResourcesBuildPhase;
			buildActionMask = 2147483647;
			files = (
			);
			runOnlyForDeploymentPostprocessing = 0;
		};
		228B7B3C26BE5D8800D44058 /* Resources */ = {
			isa = PBXResourcesBuildPhase;
			buildActionMask = 2147483647;
			files = (
			);
			runOnlyForDeploymentPostprocessing = 0;
		};
/* End PBXResourcesBuildPhase section */

/* Begin PBXShellScriptBuildPhase section */
		35D09A3801E5C657717642D8 /* [CP] Embed Pods Frameworks */ = {
			isa = PBXShellScriptBuildPhase;
			buildActionMask = 2147483647;
			files = (
			);
			inputFileListPaths = (
				"${PODS_ROOT}/Target Support Files/Pods-TestDemo-TestDemoUITests/Pods-TestDemo-TestDemoUITests-frameworks-${CONFIGURATION}-input-files.xcfilelist",
			);
			name = "[CP] Embed Pods Frameworks";
			outputFileListPaths = (
				"${PODS_ROOT}/Target Support Files/Pods-TestDemo-TestDemoUITests/Pods-TestDemo-TestDemoUITests-frameworks-${CONFIGURATION}-output-files.xcfilelist",
			);
			runOnlyForDeploymentPostprocessing = 0;
			shellPath = /bin/sh;
			shellScript = "\"${PODS_ROOT}/Target Support Files/Pods-TestDemo-TestDemoUITests/Pods-TestDemo-TestDemoUITests-frameworks.sh\"\n";
			showEnvVarsInLog = 0;
		};
		B223592DABABA1BF50E3EC5F /* [CP] Check Pods Manifest.lock */ = {
			isa = PBXShellScriptBuildPhase;
			buildActionMask = 2147483647;
			files = (
			);
			inputFileListPaths = (
			);
			inputPaths = (
				"${PODS_PODFILE_DIR_PATH}/Podfile.lock",
				"${PODS_ROOT}/Manifest.lock",
			);
			name = "[CP] Check Pods Manifest.lock";
			outputFileListPaths = (
			);
			outputPaths = (
				"$(DERIVED_FILE_DIR)/Pods-TestDemo-TestDemoUITests-checkManifestLockResult.txt",
			);
			runOnlyForDeploymentPostprocessing = 0;
			shellPath = /bin/sh;
			shellScript = "diff \"${PODS_PODFILE_DIR_PATH}/Podfile.lock\" \"${PODS_ROOT}/Manifest.lock\" > /dev/null\nif [ $? != 0 ] ; then\n    # print error to STDERR\n    echo \"error: The sandbox is not in sync with the Podfile.lock. Run 'pod install' or update your CocoaPods installation.\" >&2\n    exit 1\nfi\n# This output is used by Xcode 'outputs' to avoid re-running this script phase.\necho \"SUCCESS\" > \"${SCRIPT_OUTPUT_FILE_0}\"\n";
			showEnvVarsInLog = 0;
		};
		B7147BE5D75C4DD7B942B5A1 /* [CP] Check Pods Manifest.lock */ = {
			isa = PBXShellScriptBuildPhase;
			buildActionMask = 2147483647;
			files = (
			);
			inputFileListPaths = (
			);
			inputPaths = (
				"${PODS_PODFILE_DIR_PATH}/Podfile.lock",
				"${PODS_ROOT}/Manifest.lock",
			);
			name = "[CP] Check Pods Manifest.lock";
			outputFileListPaths = (
			);
			outputPaths = (
				"$(DERIVED_FILE_DIR)/Pods-TestDemoTests-checkManifestLockResult.txt",
			);
			runOnlyForDeploymentPostprocessing = 0;
			shellPath = /bin/sh;
			shellScript = "diff \"${PODS_PODFILE_DIR_PATH}/Podfile.lock\" \"${PODS_ROOT}/Manifest.lock\" > /dev/null\nif [ $? != 0 ] ; then\n    # print error to STDERR\n    echo \"error: The sandbox is not in sync with the Podfile.lock. Run 'pod install' or update your CocoaPods installation.\" >&2\n    exit 1\nfi\n# This output is used by Xcode 'outputs' to avoid re-running this script phase.\necho \"SUCCESS\" > \"${SCRIPT_OUTPUT_FILE_0}\"\n";
			showEnvVarsInLog = 0;
		};
		E150BC32DE22C7C01ED8C9F3 /* [CP] Embed Pods Frameworks */ = {
			isa = PBXShellScriptBuildPhase;
			buildActionMask = 2147483647;
			files = (
			);
			inputFileListPaths = (
				"${PODS_ROOT}/Target Support Files/Pods-TestDemo/Pods-TestDemo-frameworks-${CONFIGURATION}-input-files.xcfilelist",
			);
			name = "[CP] Embed Pods Frameworks";
			outputFileListPaths = (
				"${PODS_ROOT}/Target Support Files/Pods-TestDemo/Pods-TestDemo-frameworks-${CONFIGURATION}-output-files.xcfilelist",
			);
			runOnlyForDeploymentPostprocessing = 0;
			shellPath = /bin/sh;
			shellScript = "\"${PODS_ROOT}/Target Support Files/Pods-TestDemo/Pods-TestDemo-frameworks.sh\"\n";
			showEnvVarsInLog = 0;
		};
		F4AA15D7F98386D18654579D /* [CP] Check Pods Manifest.lock */ = {
			isa = PBXShellScriptBuildPhase;
			buildActionMask = 2147483647;
			files = (
			);
			inputFileListPaths = (
			);
			inputPaths = (
				"${PODS_PODFILE_DIR_PATH}/Podfile.lock",
				"${PODS_ROOT}/Manifest.lock",
			);
			name = "[CP] Check Pods Manifest.lock";
			outputFileListPaths = (
			);
			outputPaths = (
				"$(DERIVED_FILE_DIR)/Pods-TestDemo-checkManifestLockResult.txt",
			);
			runOnlyForDeploymentPostprocessing = 0;
			shellPath = /bin/sh;
			shellScript = "diff \"${PODS_PODFILE_DIR_PATH}/Podfile.lock\" \"${PODS_ROOT}/Manifest.lock\" > /dev/null\nif [ $? != 0 ] ; then\n    # print error to STDERR\n    echo \"error: The sandbox is not in sync with the Podfile.lock. Run 'pod install' or update your CocoaPods installation.\" >&2\n    exit 1\nfi\n# This output is used by Xcode 'outputs' to avoid re-running this script phase.\necho \"SUCCESS\" > \"${SCRIPT_OUTPUT_FILE_0}\"\n";
			showEnvVarsInLog = 0;
		};
/* End PBXShellScriptBuildPhase section */

/* Begin PBXSourcesBuildPhase section */
		228B7B1526BE5D8700D44058 /* Sources */ = {
			isa = PBXSourcesBuildPhase;
			buildActionMask = 2147483647;
			files = (
				228B7B2426BE5D8700D44058 /* ViewController.m in Sources */,
				228B7B1E26BE5D8700D44058 /* AppDelegate.m in Sources */,
				228B7B2F26BE5D8800D44058 /* main.m in Sources */,
				228B7B2126BE5D8700D44058 /* SceneDelegate.m in Sources */,
				2212A21326C1218300A525E5 /* MyButton.m in Sources */,
			);
			runOnlyForDeploymentPostprocessing = 0;
		};
		228B7B3026BE5D8800D44058 /* Sources */ = {
			isa = PBXSourcesBuildPhase;
			buildActionMask = 2147483647;
			files = (
				228B7B3926BE5D8800D44058 /* TestDemoTests.m in Sources */,
			);
			runOnlyForDeploymentPostprocessing = 0;
		};
		228B7B3A26BE5D8800D44058 /* Sources */ = {
			isa = PBXSourcesBuildPhase;
			buildActionMask = 2147483647;
			files = (
				228B7B4326BE5D8800D44058 /* TestDemoUITests.m in Sources */,
			);
			runOnlyForDeploymentPostprocessing = 0;
		};
/* End PBXSourcesBuildPhase section */

/* Begin PBXTargetDependency section */
		228B7B3626BE5D8800D44058 /* PBXTargetDependency */ = {
			isa = PBXTargetDependency;
			target = 228B7B1826BE5D8700D44058 /* TestDemo */;
			targetProxy = 228B7B3526BE5D8800D44058 /* PBXContainerItemProxy */;
		};
		228B7B4026BE5D8800D44058 /* PBXTargetDependency */ = {
			isa = PBXTargetDependency;
			target = 228B7B1826BE5D8700D44058 /* TestDemo */;
			targetProxy = 228B7B3F26BE5D8800D44058 /* PBXContainerItemProxy */;
		};
/* End PBXTargetDependency section */

/* Begin PBXVariantGroup section */
		228B7B2526BE5D8700D44058 /* Main.storyboard */ = {
			isa = PBXVariantGroup;
			children = (
				228B7B2626BE5D8700D44058 /* Base */,
			);
			name = Main.storyboard;
			sourceTree = "<group>";
		};
		228B7B2A26BE5D8800D44058 /* LaunchScreen.storyboard */ = {
			isa = PBXVariantGroup;
			children = (
				228B7B2B26BE5D8800D44058 /* Base */,
			);
			name = LaunchScreen.storyboard;
			sourceTree = "<group>";
		};
/* End PBXVariantGroup section */

/* Begin XCBuildConfiguration section */
		228B7B4426BE5D8800D44058 /* Debug */ = {
			isa = XCBuildConfiguration;
			buildSettings = {
				ALWAYS_SEARCH_USER_PATHS = NO;
				CLANG_ANALYZER_NONNULL = YES;
				CLANG_ANALYZER_NUMBER_OBJECT_CONVERSION = YES_AGGRESSIVE;
				CLANG_CXX_LANGUAGE_STANDARD = "gnu++17";
				CLANG_CXX_LIBRARY = "libc++";
				CLANG_ENABLE_MODULES = YES;
				CLANG_ENABLE_OBJC_ARC = YES;
				CLANG_ENABLE_OBJC_WEAK = YES;
				CLANG_WARN_BLOCK_CAPTURE_AUTORELEASING = YES;
				CLANG_WARN_BOOL_CONVERSION = YES;
				CLANG_WARN_COMMA = YES;
				CLANG_WARN_CONSTANT_CONVERSION = YES;
				CLANG_WARN_DEPRECATED_OBJC_IMPLEMENTATIONS = YES;
				CLANG_WARN_DIRECT_OBJC_ISA_USAGE = YES_ERROR;
				CLANG_WARN_DOCUMENTATION_COMMENTS = YES;
				CLANG_WARN_EMPTY_BODY = YES;
				CLANG_WARN_ENUM_CONVERSION = YES;
				CLANG_WARN_INFINITE_RECURSION = YES;
				CLANG_WARN_INT_CONVERSION = YES;
				CLANG_WARN_NON_LITERAL_NULL_CONVERSION = YES;
				CLANG_WARN_OBJC_IMPLICIT_RETAIN_SELF = YES;
				CLANG_WARN_OBJC_LITERAL_CONVERSION = YES;
				CLANG_WARN_OBJC_ROOT_CLASS = YES_ERROR;
				CLANG_WARN_QUOTED_INCLUDE_IN_FRAMEWORK_HEADER = YES;
				CLANG_WARN_RANGE_LOOP_ANALYSIS = YES;
				CLANG_WARN_STRICT_PROTOTYPES = YES;
				CLANG_WARN_SUSPICIOUS_MOVE = YES;
				CLANG_WARN_UNGUARDED_AVAILABILITY = YES_AGGRESSIVE;
				CLANG_WARN_UNREACHABLE_CODE = YES;
				CLANG_WARN__DUPLICATE_METHOD_MATCH = YES;
				COPY_PHASE_STRIP = NO;
				DEBUG_INFORMATION_FORMAT = dwarf;
				ENABLE_STRICT_OBJC_MSGSEND = YES;
				ENABLE_TESTABILITY = YES;
				GCC_C_LANGUAGE_STANDARD = gnu11;
				GCC_DYNAMIC_NO_PIC = NO;
				GCC_NO_COMMON_BLOCKS = YES;
				GCC_OPTIMIZATION_LEVEL = 0;
				GCC_PREPROCESSOR_DEFINITIONS = (
					"DEBUG=1",
					"$(inherited)",
				);
				GCC_WARN_64_TO_32_BIT_CONVERSION = YES;
				GCC_WARN_ABOUT_RETURN_TYPE = YES_ERROR;
				GCC_WARN_UNDECLARED_SELECTOR = YES;
				GCC_WARN_UNINITIALIZED_AUTOS = YES_AGGRESSIVE;
				GCC_WARN_UNUSED_FUNCTION = YES;
				GCC_WARN_UNUSED_VARIABLE = YES;
				IPHONEOS_DEPLOYMENT_TARGET = 15.0;
				MTL_ENABLE_DEBUG_INFO = INCLUDE_SOURCE;
				MTL_FAST_MATH = YES;
				ONLY_ACTIVE_ARCH = YES;
				SDKROOT = iphoneos;
			};
			name = Debug;
		};
		228B7B4526BE5D8800D44058 /* Release */ = {
			isa = XCBuildConfiguration;
			buildSettings = {
				ALWAYS_SEARCH_USER_PATHS = NO;
				CLANG_ANALYZER_NONNULL = YES;
				CLANG_ANALYZER_NUMBER_OBJECT_CONVERSION = YES_AGGRESSIVE;
				CLANG_CXX_LANGUAGE_STANDARD = "gnu++17";
				CLANG_CXX_LIBRARY = "libc++";
				CLANG_ENABLE_MODULES = YES;
				CLANG_ENABLE_OBJC_ARC = YES;
				CLANG_ENABLE_OBJC_WEAK = YES;
				CLANG_WARN_BLOCK_CAPTURE_AUTORELEASING = YES;
				CLANG_WARN_BOOL_CONVERSION = YES;
				CLANG_WARN_COMMA = YES;
				CLANG_WARN_CONSTANT_CONVERSION = YES;
				CLANG_WARN_DEPRECATED_OBJC_IMPLEMENTATIONS = YES;
				CLANG_WARN_DIRECT_OBJC_ISA_USAGE = YES_ERROR;
				CLANG_WARN_DOCUMENTATION_COMMENTS = YES;
				CLANG_WARN_EMPTY_BODY = YES;
				CLANG_WARN_ENUM_CONVERSION = YES;
				CLANG_WARN_INFINITE_RECURSION = YES;
				CLANG_WARN_INT_CONVERSION = YES;
				CLANG_WARN_NON_LITERAL_NULL_CONVERSION = YES;
				CLANG_WARN_OBJC_IMPLICIT_RETAIN_SELF = YES;
				CLANG_WARN_OBJC_LITERAL_CONVERSION = YES;
				CLANG_WARN_OBJC_ROOT_CLASS = YES_ERROR;
				CLANG_WARN_QUOTED_INCLUDE_IN_FRAMEWORK_HEADER = YES;
				CLANG_WARN_RANGE_LOOP_ANALYSIS = YES;
				CLANG_WARN_STRICT_PROTOTYPES = YES;
				CLANG_WARN_SUSPICIOUS_MOVE = YES;
				CLANG_WARN_UNGUARDED_AVAILABILITY = YES_AGGRESSIVE;
				CLANG_WARN_UNREACHABLE_CODE = YES;
				CLANG_WARN__DUPLICATE_METHOD_MATCH = YES;
				COPY_PHASE_STRIP = NO;
				DEBUG_INFORMATION_FORMAT = "dwarf-with-dsym";
				ENABLE_NS_ASSERTIONS = NO;
				ENABLE_STRICT_OBJC_MSGSEND = YES;
				GCC_C_LANGUAGE_STANDARD = gnu11;
				GCC_NO_COMMON_BLOCKS = YES;
				GCC_WARN_64_TO_32_BIT_CONVERSION = YES;
				GCC_WARN_ABOUT_RETURN_TYPE = YES_ERROR;
				GCC_WARN_UNDECLARED_SELECTOR = YES;
				GCC_WARN_UNINITIALIZED_AUTOS = YES_AGGRESSIVE;
				GCC_WARN_UNUSED_FUNCTION = YES;
				GCC_WARN_UNUSED_VARIABLE = YES;
				IPHONEOS_DEPLOYMENT_TARGET = 15.0;
				MTL_ENABLE_DEBUG_INFO = NO;
				MTL_FAST_MATH = YES;
				SDKROOT = iphoneos;
				VALIDATE_PRODUCT = YES;
			};
			name = Release;
		};
		228B7B4726BE5D8800D44058 /* Debug */ = {
			isa = XCBuildConfiguration;
			baseConfigurationReference = 749658083CE2CA5267463270 /* Pods-TestDemo.debug.xcconfig */;
			buildSettings = {
				ASSETCATALOG_COMPILER_APPICON_NAME = AppIcon;
				ASSETCATALOG_COMPILER_GLOBAL_ACCENT_COLOR_NAME = AccentColor;
				CODE_SIGN_STYLE = Automatic;
				CURRENT_PROJECT_VERSION = 1;
				DEVELOPMENT_TEAM = Y9TMM69U87;
				GENERATE_INFOPLIST_FILE = YES;
				INFOPLIST_FILE = TestDemo/Info.plist;
				INFOPLIST_KEY_UIApplicationSupportsIndirectInputEvents = YES;
				INFOPLIST_KEY_UILaunchStoryboardName = LaunchScreen;
				INFOPLIST_KEY_UIMainStoryboardFile = Main;
				INFOPLIST_KEY_UISupportedInterfaceOrientations_iPad = "UIInterfaceOrientationPortrait UIInterfaceOrientationPortraitUpsideDown UIInterfaceOrientationLandscapeLeft UIInterfaceOrientationLandscapeRight";
				INFOPLIST_KEY_UISupportedInterfaceOrientations_iPhone = "UIInterfaceOrientationPortrait UIInterfaceOrientationLandscapeLeft UIInterfaceOrientationLandscapeRight";
				LD_RUNPATH_SEARCH_PATHS = (
					"$(inherited)",
					"@executable_path/Frameworks",
				);
				MARKETING_VERSION = 1.0;
				PRODUCT_BUNDLE_IDENTIFIER = com.luozhong.com.TestDemo;
				PRODUCT_NAME = "$(TARGET_NAME)";
				SWIFT_EMIT_LOC_STRINGS = YES;
				TARGETED_DEVICE_FAMILY = "1,2";
			};
			name = Debug;
		};
		228B7B4826BE5D8800D44058 /* Release */ = {
			isa = XCBuildConfiguration;
			baseConfigurationReference = D73A8856E014FAB885973DAE /* Pods-TestDemo.release.xcconfig */;
			buildSettings = {
				ASSETCATALOG_COMPILER_APPICON_NAME = AppIcon;
				ASSETCATALOG_COMPILER_GLOBAL_ACCENT_COLOR_NAME = AccentColor;
				CODE_SIGN_STYLE = Automatic;
				CURRENT_PROJECT_VERSION = 1;
				DEVELOPMENT_TEAM = Y9TMM69U87;
				GENERATE_INFOPLIST_FILE = YES;
				INFOPLIST_FILE = TestDemo/Info.plist;
				INFOPLIST_KEY_UIApplicationSupportsIndirectInputEvents = YES;
				INFOPLIST_KEY_UILaunchStoryboardName = LaunchScreen;
				INFOPLIST_KEY_UIMainStoryboardFile = Main;
				INFOPLIST_KEY_UISupportedInterfaceOrientations_iPad = "UIInterfaceOrientationPortrait UIInterfaceOrientationPortraitUpsideDown UIInterfaceOrientationLandscapeLeft UIInterfaceOrientationLandscapeRight";
				INFOPLIST_KEY_UISupportedInterfaceOrientations_iPhone = "UIInterfaceOrientationPortrait UIInterfaceOrientationLandscapeLeft UIInterfaceOrientationLandscapeRight";
				LD_RUNPATH_SEARCH_PATHS = (
					"$(inherited)",
					"@executable_path/Frameworks",
				);
				MARKETING_VERSION = 1.0;
				PRODUCT_BUNDLE_IDENTIFIER = com.luozhong.com.TestDemo;
				PRODUCT_NAME = "$(TARGET_NAME)";
				SWIFT_EMIT_LOC_STRINGS = YES;
				TARGETED_DEVICE_FAMILY = "1,2";
			};
			name = Release;
		};
		228B7B4A26BE5D8800D44058 /* Debug */ = {
			isa = XCBuildConfiguration;
			baseConfigurationReference = EB31449BE320A17EB3173396 /* Pods-TestDemoTests.debug.xcconfig */;
			buildSettings = {
				BUNDLE_LOADER = "$(TEST_HOST)";
				CODE_SIGN_STYLE = Automatic;
				CURRENT_PROJECT_VERSION = 1;
				DEVELOPMENT_TEAM = Y9TMM69U87;
				GENERATE_INFOPLIST_FILE = YES;
				IPHONEOS_DEPLOYMENT_TARGET = 15.0;
				LD_RUNPATH_SEARCH_PATHS = (
					"$(inherited)",
					"@executable_path/Frameworks",
					"@loader_path/Frameworks",
				);
				MARKETING_VERSION = 1.0;
				PRODUCT_BUNDLE_IDENTIFIER = com.luozhong.com.TestDemoTests;
				PRODUCT_NAME = "$(TARGET_NAME)";
				SWIFT_EMIT_LOC_STRINGS = NO;
				TARGETED_DEVICE_FAMILY = "1,2";
				TEST_HOST = "$(BUILT_PRODUCTS_DIR)/TestDemo.app/TestDemo";
			};
			name = Debug;
		};
		228B7B4B26BE5D8800D44058 /* Release */ = {
			isa = XCBuildConfiguration;
			baseConfigurationReference = BEBF9FBDE42C5490A32AF2AB /* Pods-TestDemoTests.release.xcconfig */;
			buildSettings = {
				BUNDLE_LOADER = "$(TEST_HOST)";
				CODE_SIGN_STYLE = Automatic;
				CURRENT_PROJECT_VERSION = 1;
				DEVELOPMENT_TEAM = Y9TMM69U87;
				GENERATE_INFOPLIST_FILE = YES;
				IPHONEOS_DEPLOYMENT_TARGET = 15.0;
				LD_RUNPATH_SEARCH_PATHS = (
					"$(inherited)",
					"@executable_path/Frameworks",
					"@loader_path/Frameworks",
				);
				MARKETING_VERSION = 1.0;
				PRODUCT_BUNDLE_IDENTIFIER = com.luozhong.com.TestDemoTests;
				PRODUCT_NAME = "$(TARGET_NAME)";
				SWIFT_EMIT_LOC_STRINGS = NO;
				TARGETED_DEVICE_FAMILY = "1,2";
				TEST_HOST = "$(BUILT_PRODUCTS_DIR)/TestDemo.app/TestDemo";
			};
			name = Release;
		};
		228B7B4D26BE5D8800D44058 /* Debug */ = {
			isa = XCBuildConfiguration;
			baseConfigurationReference = E058493B31EDBDC7879B5D99 /* Pods-TestDemo-TestDemoUITests.debug.xcconfig */;
			buildSettings = {
				CODE_SIGN_STYLE = Automatic;
				CURRENT_PROJECT_VERSION = 1;
				DEVELOPMENT_TEAM = Y9TMM69U87;
				GENERATE_INFOPLIST_FILE = YES;
				LD_RUNPATH_SEARCH_PATHS = (
					"$(inherited)",
					"@executable_path/Frameworks",
					"@loader_path/Frameworks",
				);
				MARKETING_VERSION = 1.0;
				PRODUCT_BUNDLE_IDENTIFIER = com.luozhong.com.TestDemoUITests;
				PRODUCT_NAME = "$(TARGET_NAME)";
				SWIFT_EMIT_LOC_STRINGS = NO;
				TARGETED_DEVICE_FAMILY = "1,2";
				TEST_TARGET_NAME = TestDemo;
			};
			name = Debug;
		};
		228B7B4E26BE5D8800D44058 /* Release */ = {
			isa = XCBuildConfiguration;
			baseConfigurationReference = BBFEF6CC5C70806BD50FBEC6 /* Pods-TestDemo-TestDemoUITests.release.xcconfig */;
			buildSettings = {
				CODE_SIGN_STYLE = Automatic;
				CURRENT_PROJECT_VERSION = 1;
				DEVELOPMENT_TEAM = Y9TMM69U87;
				GENERATE_INFOPLIST_FILE = YES;
				LD_RUNPATH_SEARCH_PATHS = (
					"$(inherited)",
					"@executable_path/Frameworks",
					"@loader_path/Frameworks",
				);
				MARKETING_VERSION = 1.0;
				PRODUCT_BUNDLE_IDENTIFIER = com.luozhong.com.TestDemoUITests;
				PRODUCT_NAME = "$(TARGET_NAME)";
				SWIFT_EMIT_LOC_STRINGS = NO;
				TARGETED_DEVICE_FAMILY = "1,2";
				TEST_TARGET_NAME = TestDemo;
			};
			name = Release;
		};
/* End XCBuildConfiguration section */

/* Begin XCConfigurationList section */
		228B7B1426BE5D8700D44058 /* Build configuration list for PBXProject "TestDemo" */ = {
			isa = XCConfigurationList;
			buildConfigurations = (
				228B7B4426BE5D8800D44058 /* Debug */,
				228B7B4526BE5D8800D44058 /* Release */,
			);
			defaultConfigurationIsVisible = 0;
			defaultConfigurationName = Release;
		};
		228B7B4626BE5D8800D44058 /* Build configuration list for PBXNativeTarget "TestDemo" */ = {
			isa = XCConfigurationList;
			buildConfigurations = (
				228B7B4726BE5D8800D44058 /* Debug */,
				228B7B4826BE5D8800D44058 /* Release */,
			);
			defaultConfigurationIsVisible = 0;
			defaultConfigurationName = Release;
		};
		228B7B4926BE5D8800D44058 /* Build configuration list for PBXNativeTarget "TestDemoTests" */ = {
			isa = XCConfigurationList;
			buildConfigurations = (
				228B7B4A26BE5D8800D44058 /* Debug */,
				228B7B4B26BE5D8800D44058 /* Release */,
			);
			defaultConfigurationIsVisible = 0;
			defaultConfigurationName = Release;
		};
		228B7B4C26BE5D8800D44058 /* Build configuration list for PBXNativeTarget "TestDemoUITests" */ = {
			isa = XCConfigurationList;
			buildConfigurations = (
				228B7B4D26BE5D8800D44058 /* Debug */,
				228B7B4E26BE5D8800D44058 /* Release */,
			);
			defaultConfigurationIsVisible = 0;
			defaultConfigurationName = Release;
		};
/* End XCConfigurationList section */
	};
	rootObject = 228B7B1126BE5D8700D44058 /* Project object */;
}
